
Microsoft Visual Studio Solution File, Format Version 12.00
# Visual Studio 15
VisualStudioVersion = 15.0.27130.2036
MinimumVisualStudioVersion = 10.0.40219.1
Project("{FAE04EC0-301F-11D3-BF4B-00C04F79EFBC}") = "MyProject", "MyProject\MyProject.csproj", "{8B53D325-491A-432E-B94B-BC0FD76BABB5}"
EndProject
Project("{E53339B2-1760-4266-BCC7-CA923CBCF16C}") = "docker-compose", "docker-compose.dcproj", "{D272A4AA-429D-4871-8FB0-0F810C75BA46}"
EndProject
Global
	GlobalSection(SolutionConfigurationPlatforms) = preSolution
		Debug|Any CPU = Debug|Any CPU
		Release|Any CPU = Release|Any CPU
	EndGlobalSection
	GlobalSection(ProjectConfigurationPlatforms) = postSolution
		{8B53D325-491A-432E-B94B-BC0FD76BABB5}.Debug|Any CPU.ActiveCfg = Debug|Any CPU
		{8B53D325-491A-432E-B94B-BC0FD76BABB5}.Debug|Any CPU.Build.0 = Debug|Any CPU
		{8B53D325-491A-432E-B94B-BC0FD76BABB5}.Release|Any CPU.ActiveCfg = Release|Any CPU
		{8B53D325-491A-432E-B94B-BC0FD76BABB5}.Release|Any CPU.Build.0 = Release|Any CPU
		{D272A4AA-429D-4871-8FB0-0F810C75BA46}.Debug|Any CPU.ActiveCfg = Debug|Any CPU
		{D272A4AA-429D-4871-8FB0-0F810C75BA46}.Debug|Any CPU.Build.0 = Debug|Any CPU
		{D272A4AA-429D-4871-8FB0-0F810C75BA46}.Release|Any CPU.ActiveCfg = Release|Any CPU
		{D272A4AA-429D-4871-8FB0-0F810C75BA46}.Release|Any CPU.Build.0 = Release|Any CPU
	EndGlobalSection
	GlobalSection(SolutionProperties) = preSolution
		HideSolutionNode = FALSE
	EndGlobalSection
	GlobalSection(ExtensibilityGlobals) = postSolution
		SolutionGuid = {2F00F3C1-FC76-4403-B808-EC4904A37FA2}
	EndGlobalSection
EndGlobal
